// !$*UTF8*$!
{
	archiveVersion = 1;
	classes = {
	};
	objectVersion = 55;
	objects = {

/* Begin PBXBuildFile section */
		964DFF5A276C1AC4000C6621 /* Tests_iOS.swift in Sources */ = {isa = PBXBuildFile; fileRef = 964DFF59276C1AC4000C6621 /* Tests_iOS.swift */; };
		964DFF5C276C1AC4000C6621 /* Tests_iOSLaunchTests.swift in Sources */ = {isa = PBXBuildFile; fileRef = 964DFF5B276C1AC4000C6621 /* Tests_iOSLaunchTests.swift */; };
		964DFF66276C1AC4000C6621 /* Tests_macOS.swift in Sources */ = {isa = PBXBuildFile; fileRef = 964DFF65276C1AC4000C6621 /* Tests_macOS.swift */; };
		964DFF68276C1AC4000C6621 /* Tests_macOSLaunchTests.swift in Sources */ = {isa = PBXBuildFile; fileRef = 964DFF67276C1AC4000C6621 /* Tests_macOSLaunchTests.swift */; };
		964DFF69276C1AC4000C6621 /* ticTacToeApp.swift in Sources */ = {isa = PBXBuildFile; fileRef = 964DFF41276C1AC3000C6621 /* ticTacToeApp.swift */; };
		964DFF6A276C1AC4000C6621 /* ticTacToeApp.swift in Sources */ = {isa = PBXBuildFile; fileRef = 964DFF41276C1AC3000C6621 /* ticTacToeApp.swift */; };
		964DFF6B276C1AC4000C6621 /* ContentView.swift in Sources */ = {isa = PBXBuildFile; fileRef = 964DFF42276C1AC3000C6621 /* ContentView.swift */; };
		964DFF6C276C1AC4000C6621 /* ContentView.swift in Sources */ = {isa = PBXBuildFile; fileRef = 964DFF42276C1AC3000C6621 /* ContentView.swift */; };
		964DFF6D276C1AC4000C6621 /* Assets.xcassets in Resources */ = {isa = PBXBuildFile; fileRef = 964DFF43276C1AC4000C6621 /* Assets.xcassets */; };
		964DFF6E276C1AC4000C6621 /* Assets.xcassets in Resources */ = {isa = PBXBuildFile; fileRef = 964DFF43276C1AC4000C6621 /* Assets.xcassets */; };
		964DFF7E276C1B82000C6621 /* squareView.swift in Sources */ = {isa = PBXBuildFile; fileRef = 964DFF7D276C1B82000C6621 /* squareView.swift */; };
		964DFF7F276C1B82000C6621 /* squareView.swift in Sources */ = {isa = PBXBuildFile; fileRef = 964DFF7D276C1B82000C6621 /* squareView.swift */; };
		964DFF81276C1BC8000C6621 /* ticTacToeModel.swift in Sources */ = {isa = PBXBuildFile; fileRef = 964DFF80276C1BC8000C6621 /* ticTacToeModel.swift */; };
		964DFF82276C1BC8000C6621 /* ticTacToeModel.swift in Sources */ = {isa = PBXBuildFile; fileRef = 964DFF80276C1BC8000C6621 /* ticTacToeModel.swift */; };
/* End PBXBuildFile section */

/* Begin PBXContainerItemProxy section */
		964DFF56276C1AC4000C6621 /* PBXContainerItemProxy */ = {
			isa = PBXContainerItemProxy;
			containerPortal = 964DFF3C276C1AC2000C6621 /* Project object */;
			proxyType = 1;
			remoteGlobalIDString = 964DFF47276C1AC4000C6621;
			remoteInfo = "ticTacToe (iOS)";
		};
		964DFF62276C1AC4000C6621 /* PBXContainerItemProxy */ = {
			isa = PBXContainerItemProxy;
			containerPortal = 964DFF3C276C1AC2000C6621 /* Project object */;
			proxyType = 1;
			remoteGlobalIDString = 964DFF4D276C1AC4000C6621;
			remoteInfo = "ticTacToe (macOS)";
		};
/* End PBXContainerItemProxy section */

/* Begin PBXFileReference section */
		964DFF41276C1AC3000C6621 /* ticTacToeApp.swift */ = {isa = PBXFileReference; lastKnownFileType = sourcecode.swift; path = ticTacToeApp.swift; sourceTree = "<group>"; };
		964DFF42276C1AC3000C6621 /* ContentView.swift */ = {isa = PBXFileReference; lastKnownFileType = sourcecode.swift; path = ContentView.swift; sourceTree = "<group>"; };
		964DFF43276C1AC4000C6621 /* Assets.xcassets */ = {isa = PBXFileReference; lastKnownFileType = folder.assetcatalog; path = Assets.xcassets; sourceTree = "<group>"; };
		964DFF48276C1AC4000C6621 /* ticTacToe.app */ = {isa = PBXFileReference; explicitFileType = wrapper.application; includeInIndex = 0; path = ticTacToe.app; sourceTree = BUILT_PRODUCTS_DIR; };
		964DFF4E276C1AC4000C6621 /* ticTacToe.app */ = {isa = PBXFileReference; explicitFileType = wrapper.application; includeInIndex = 0; path = ticTacToe.app; sourceTree = BUILT_PRODUCTS_DIR; };
		964DFF50276C1AC4000C6621 /* macOS.entitlements */ = {isa = PBXFileReference; lastKnownFileType = text.plist.entitlements; path = macOS.entitlements; sourceTree = "<group>"; };
		964DFF55276C1AC4000C6621 /* Tests iOS.xctest */ = {isa = PBXFileReference; explicitFileType = wrapper.cfbundle; includeInIndex = 0; path = "Tests iOS.xctest"; sourceTree = BUILT_PRODUCTS_DIR; };
		964DFF59276C1AC4000C6621 /* Tests_iOS.swift */ = {isa = PBXFileReference; lastKnownFileType = sourcecode.swift; path = Tests_iOS.swift; sourceTree = "<group>"; };
		964DFF5B276C1AC4000C6621 /* Tests_iOSLaunchTests.swift */ = {isa = PBXFileReference; lastKnownFileType = sourcecode.swift; path = Tests_iOSLaunchTests.swift; sourceTree = "<group>"; };
		964DFF61276C1AC4000C6621 /* Tests macOS.xctest */ = {isa = PBXFileReference; explicitFileType = wrapper.cfbundle; includeInIndex = 0; path = "Tests macOS.xctest"; sourceTree = BUILT_PRODUCTS_DIR; };
		964DFF65276C1AC4000C6621 /* Tests_macOS.swift */ = {isa = PBXFileReference; lastKnownFileType = sourcecode.swift; path = Tests_macOS.swift; sourceTree = "<group>"; };
		964DFF67276C1AC4000C6621 /* Tests_macOSLaunchTests.swift */ = {isa = PBXFileReference; lastKnownFileType = sourcecode.swift; path = Tests_macOSLaunchTests.swift; sourceTree = "<group>"; };
		964DFF7D276C1B82000C6621 /* squareView.swift */ = {isa = PBXFileReference; lastKnownFileType = sourcecode.swift; path = squareView.swift; sourceTree = "<group>"; };
		964DFF80276C1BC8000C6621 /* ticTacToeModel.swift */ = {isa = PBXFileReference; lastKnownFileType = sourcecode.swift; path = ticTacToeModel.swift; sourceTree = "<group>"; };
/* End PBXFileReference section */

/* Begin PBXFrameworksBuildPhase section */
		964DFF45276C1AC4000C6621 /* Frameworks */ = {
			isa = PBXFrameworksBuildPhase;
			buildActionMask = 2147483647;
			files = (
			);
			runOnlyForDeploymentPostprocessing = 0;
		};
		964DFF4B276C1AC4000C6621 /* Frameworks */ = {
			isa = PBXFrameworksBuildPhase;
			buildActionMask = 2147483647;
			files = (
			);
			runOnlyForDeploymentPostprocessing = 0;
		};
		964DFF52276C1AC4000C6621 /* Frameworks */ = {
			isa = PBXFrameworksBuildPhase;
			buildActionMask = 2147483647;
			files = (
			);
			runOnlyForDeploymentPostprocessing = 0;
		};
		964DFF5E276C1AC4000C6621 /* Frameworks */ = {
			isa = PBXFrameworksBuildPhase;
			buildActionMask = 2147483647;
			files = (
			);
			runOnlyForDeploymentPostprocessing = 0;
		};
/* End PBXFrameworksBuildPhase section */

/* Begin PBXGroup section */
		964DFF3B276C1AC2000C6621 = {
			isa = PBXGroup;
			children = (
				964DFF40276C1AC3000C6621 /* Shared */,
				964DFF4F276C1AC4000C6621 /* macOS */,
				964DFF58276C1AC4000C6621 /* Tests iOS */,
				964DFF64276C1AC4000C6621 /* Tests macOS */,
				964DFF49276C1AC4000C6621 /* Products */,
			);
			sourceTree = "<group>";
		};
		964DFF40276C1AC3000C6621 /* Shared */ = {
			isa = PBXGroup;
			children = (
				964DFF41276C1AC3000C6621 /* ticTacToeApp.swift */,
				964DFF42276C1AC3000C6621 /* ContentView.swift */,
				964DFF43276C1AC4000C6621 /* Assets.xcassets */,
				964DFF7D276C1B82000C6621 /* squareView.swift */,
				964DFF80276C1BC8000C6621 /* ticTacToeModel.swift */,
			);
			path = Shared;
			sourceTree = "<group>";
		};
		964DFF49276C1AC4000C6621 /* Products */ = {
			isa = PBXGroup;
			children = (
				964DFF48276C1AC4000C6621 /* ticTacToe.app */,
				964DFF4E276C1AC4000C6621 /* ticTacToe.app */,
				964DFF55276C1AC4000C6621 /* Tests iOS.xctest */,
				964DFF61276C1AC4000C6621 /* Tests macOS.xctest */,
			);
			name = Products;
			sourceTree = "<group>";
		};
		964DFF4F276C1AC4000C6621 /* macOS */ = {
			isa = PBXGroup;
			children = (
				964DFF50276C1AC4000C6621 /* macOS.entitlements */,
			);
			path = macOS;
			sourceTree = "<group>";
		};
		964DFF58276C1AC4000C6621 /* Tests iOS */ = {
			isa = PBXGroup;
			children = (
				964DFF59276C1AC4000C6621 /* Tests_iOS.swift */,
				964DFF5B276C1AC4000C6621 /* Tests_iOSLaunchTests.swift */,
			);
			path = "Tests iOS";
			sourceTree = "<group>";
		};
		964DFF64276C1AC4000C6621 /* Tests macOS */ = {
			isa = PBXGroup;
			children = (
				964DFF65276C1AC4000C6621 /* Tests_macOS.swift */,
				964DFF67276C1AC4000C6621 /* Tests_macOSLaunchTests.swift */,
			);
			path = "Tests macOS";
			sourceTree = "<group>";
		};
/* End PBXGroup section */

/* Begin PBXNativeTarget section */
		964DFF47276C1AC4000C6621 /* ticTacToe (iOS) */ = {
			isa = PBXNativeTarget;
			buildConfigurationList = 964DFF71276C1AC4000C6621 /* Build configuration list for PBXNativeTarget "ticTacToe (iOS)" */;
			buildPhases = (
				964DFF44276C1AC4000C6621 /* Sources */,
				964DFF45276C1AC4000C6621 /* Frameworks */,
				964DFF46276C1AC4000C6621 /* Resources */,
			);
			buildRules = (
			);
			dependencies = (
			);
			name = "ticTacToe (iOS)";
			productName = "ticTacToe (iOS)";
			productReference = 964DFF48276C1AC4000C6621 /* ticTacToe.app */;
			productType = "com.apple.product-type.application";
		};
		964DFF4D276C1AC4000C6621 /* ticTacToe (macOS) */ = {
			isa = PBXNativeTarget;
			buildConfigurationList = 964DFF74276C1AC4000C6621 /* Build configuration list for PBXNativeTarget "ticTacToe (macOS)" */;
			buildPhases = (
				964DFF4A276C1AC4000C6621 /* Sources */,
				964DFF4B276C1AC4000C6621 /* Frameworks */,
				964DFF4C276C1AC4000C6621 /* Resources */,
			);
			buildRules = (
			);
			dependencies = (
			);
			name = "ticTacToe (macOS)";
			productName = "ticTacToe (macOS)";
			productReference = 964DFF4E276C1AC4000C6621 /* ticTacToe.app */;
			productType = "com.apple.product-type.application";
		};
		964DFF54276C1AC4000C6621 /* Tests iOS */ = {
			isa = PBXNativeTarget;
			buildConfigurationList = 964DFF77276C1AC4000C6621 /* Build configuration list for PBXNativeTarget "Tests iOS" */;
			buildPhases = (
				964DFF51276C1AC4000C6621 /* Sources */,
				964DFF52276C1AC4000C6621 /* Frameworks */,
				964DFF53276C1AC4000C6621 /* Resources */,
			);
			buildRules = (
			);
			dependencies = (
				964DFF57276C1AC4000C6621 /* PBXTargetDependency */,
			);
			name = "Tests iOS";
			productName = "Tests iOS";
			productReference = 964DFF55276C1AC4000C6621 /* Tests iOS.xctest */;
			productType = "com.apple.product-type.bundle.ui-testing";
		};
		964DFF60276C1AC4000C6621 /* Tests macOS */ = {
			isa = PBXNativeTarget;
			buildConfigurationList = 964DFF7A276C1AC4000C6621 /* Build configuration list for PBXNativeTarget "Tests macOS" */;
			buildPhases = (
				964DFF5D276C1AC4000C6621 /* Sources */,
				964DFF5E276C1AC4000C6621 /* Frameworks */,
				964DFF5F276C1AC4000C6621 /* Resources */,
			);
			buildRules = (
			);
			dependencies = (
				964DFF63276C1AC4000C6621 /* PBXTargetDependency */,
			);
			name = "Tests macOS";
			productName = "Tests macOS";
			productReference = 964DFF61276C1AC4000C6621 /* Tests macOS.xctest */;
			productType = "com.apple.product-type.bundle.ui-testing";
		};
/* End PBXNativeTarget section */

/* Begin PBXProject section */
		964DFF3C276C1AC2000C6621 /* Project object */ = {
			isa = PBXProject;
			attributes = {
				BuildIndependentTargetsInParallel = 1;
				LastSwiftUpdateCheck = 1320;
				LastUpgradeCheck = 1320;
				TargetAttributes = {
					964DFF47276C1AC4000C6621 = {
						CreatedOnToolsVersion = 13.2;
					};
					964DFF4D276C1AC4000C6621 = {
						CreatedOnToolsVersion = 13.2;
					};
					964DFF54276C1AC4000C6621 = {
						CreatedOnToolsVersion = 13.2;
						TestTargetID = 964DFF47276C1AC4000C6621;
					};
					964DFF60276C1AC4000C6621 = {
						CreatedOnToolsVersion = 13.2;
						TestTargetID = 964DFF4D276C1AC4000C6621;
					};
				};
			};
			buildConfigurationList = 964DFF3F276C1AC2000C6621 /* Build configuration list for PBXProject "ticTacToe" */;
			compatibilityVersion = "Xcode 13.0";
			developmentRegion = en;
			hasScannedForEncodings = 0;
			knownRegions = (
				en,
				Base,
			);
			mainGroup = 964DFF3B276C1AC2000C6621;
			productRefGroup = 964DFF49276C1AC4000C6621 /* Products */;
			projectDirPath = "";
			projectRoot = "";
			targets = (
				964DFF47276C1AC4000C6621 /* ticTacToe (iOS) */,
				964DFF4D276C1AC4000C6621 /* ticTacToe (macOS) */,
				964DFF54276C1AC4000C6621 /* Tests iOS */,
				964DFF60276C1AC4000C6621 /* Tests macOS */,
			);
		};
/* End PBXProject section */

/* Begin PBXResourcesBuildPhase section */
		964DFF46276C1AC4000C6621 /* Resources */ = {
			isa = PBXResourcesBuildPhase;
			buildActionMask = 2147483647;
			files = (
				964DFF6D276C1AC4000C6621 /* Assets.xcassets in Resources */,
			);
			runOnlyForDeploymentPostprocessing = 0;
		};
		964DFF4C276C1AC4000C6621 /* Resources */ = {
			isa = PBXResourcesBuildPhase;
			buildActionMask = 2147483647;
			files = (
				964DFF6E276C1AC4000C6621 /* Assets.xcassets in Resources */,
			);
			runOnlyForDeploymentPostprocessing = 0;
		};
		964DFF53276C1AC4000C6621 /* Resources */ = {
			isa = PBXResourcesBuildPhase;
			buildActionMask = 2147483647;
			files = (
			);
			runOnlyForDeploymentPostprocessing = 0;
		};
		964DFF5F276C1AC4000C6621 /* Resources */ = {
			isa = PBXResourcesBuildPhase;
			buildActionMask = 2147483647;
			files = (
			);
			runOnlyForDeploymentPostprocessing = 0;
		};
/* End PBXResourcesBuildPhase section */

/* Begin PBXSourcesBuildPhase section */
		964DFF44276C1AC4000C6621 /* Sources */ = {
			isa = PBXSourcesBuildPhase;
			buildActionMask = 2147483647;
			files = (
				964DFF81276C1BC8000C6621 /* ticTacToeModel.swift in Sources */,
				964DFF6B276C1AC4000C6621 /* ContentView.swift in Sources */,
				964DFF7E276C1B82000C6621 /* squareView.swift in Sources */,
				964DFF69276C1AC4000C6621 /* ticTacToeApp.swift in Sources */,
			);
			runOnlyForDeploymentPostprocessing = 0;
		};
		964DFF4A276C1AC4000C6621 /* Sources */ = {
			isa = PBXSourcesBuildPhase;
			buildActionMask = 2147483647;
			files = (
				964DFF82276C1BC8000C6621 /* ticTacToeModel.swift in Sources */,
				964DFF6C276C1AC4000C6621 /* ContentView.swift in Sources */,
				964DFF7F276C1B82000C6621 /* squareView.swift in Sources */,
				964DFF6A276C1AC4000C6621 /* ticTacToeApp.swift in Sources */,
			);
			runOnlyForDeploymentPostprocessing = 0;
		};
		964DFF51276C1AC4000C6621 /* Sources */ = {
			isa = PBXSourcesBuildPhase;
			buildActionMask = 2147483647;
			files = (
				964DFF5C276C1AC4000C6621 /* Tests_iOSLaunchTests.swift in Sources */,
				964DFF5A276C1AC4000C6621 /* Tests_iOS.swift in Sources */,
			);
			runOnlyForDeploymentPostprocessing = 0;
		};
		964DFF5D276C1AC4000C6621 /* Sources */ = {
			isa = PBXSourcesBuildPhase;
			buildActionMask = 2147483647;
			files = (
				964DFF68276C1AC4000C6621 /* Tests_macOSLaunchTests.swift in Sources */,
				964DFF66276C1AC4000C6621 /* Tests_macOS.swift in Sources */,
			);
			runOnlyForDeploymentPostprocessing = 0;
		};
/* End PBXSourcesBuildPhase section */

/* Begin PBXTargetDependency section */
		964DFF57276C1AC4000C6621 /* PBXTargetDependency */ = {
			isa = PBXTargetDependency;
			target = 964DFF47276C1AC4000C6621 /* ticTacToe (iOS) */;
			targetProxy = 964DFF56276C1AC4000C6621 /* PBXContainerItemProxy */;
		};
		964DFF63276C1AC4000C6621 /* PBXTargetDependency */ = {
			isa = PBXTargetDependency;
			target = 964DFF4D276C1AC4000C6621 /* ticTacToe (macOS) */;
			targetProxy = 964DFF62276C1AC4000C6621 /* PBXContainerItemProxy */;
		};
/* End PBXTargetDependency section */

/* Begin XCBuildConfiguration section */
		964DFF6F276C1AC4000C6621 /* Debug */ = {
			isa = XCBuildConfiguration;
			buildSettings = {
				ALWAYS_SEARCH_USER_PATHS = NO;
				CLANG_ANALYZER_NONNULL = YES;
				CLANG_ANALYZER_NUMBER_OBJECT_CONVERSION = YES_AGGRESSIVE;
				CLANG_CXX_LANGUAGE_STANDARD = "gnu++17";
				CLANG_CXX_LIBRARY = "libc++";
				CLANG_ENABLE_MODULES = YES;
				CLANG_ENABLE_OBJC_ARC = YES;
				CLANG_ENABLE_OBJC_WEAK = YES;
				CLANG_WARN_BLOCK_CAPTURE_AUTORELEASING = YES;
				CLANG_WARN_BOOL_CONVERSION = YES;
				CLANG_WARN_COMMA = YES;
				CLANG_WARN_CONSTANT_CONVERSION = YES;
				CLANG_WARN_DEPRECATED_OBJC_IMPLEMENTATIONS = YES;
				CLANG_WARN_DIRECT_OBJC_ISA_USAGE = YES_ERROR;
				CLANG_WARN_DOCUMENTATION_COMMENTS = YES;
				CLANG_WARN_EMPTY_BODY = YES;
				CLANG_WARN_ENUM_CONVERSION = YES;
				CLANG_WARN_INFINITE_RECURSION = YES;
				CLANG_WARN_INT_CONVERSION = YES;
				CLANG_WARN_NON_LITERAL_NULL_CONVERSION = YES;
				CLANG_WARN_OBJC_IMPLICIT_RETAIN_SELF = YES;
				CLANG_WARN_OBJC_LITERAL_CONVERSION = YES;
				CLANG_WARN_OBJC_ROOT_CLASS = YES_ERROR;
				CLANG_WARN_QUOTED_INCLUDE_IN_FRAMEWORK_HEADER = YES;
				CLANG_WARN_RANGE_LOOP_ANALYSIS = YES;
				CLANG_WARN_STRICT_PROTOTYPES = YES;
				CLANG_WARN_SUSPICIOUS_MOVE = YES;
				CLANG_WARN_UNGUARDED_AVAILABILITY = YES_AGGRESSIVE;
				CLANG_WARN_UNREACHABLE_CODE = YES;
				CLANG_WARN__DUPLICATE_METHOD_MATCH = YES;
				COPY_PHASE_STRIP = NO;
				DEBUG_INFORMATION_FORMAT = dwarf;
				ENABLE_STRICT_OBJC_MSGSEND = YES;
				ENABLE_TESTABILITY = YES;
				GCC_C_LANGUAGE_STANDARD = gnu11;
				GCC_DYNAMIC_NO_PIC = NO;
				GCC_NO_COMMON_BLOCKS = YES;
				GCC_OPTIMIZATION_LEVEL = 0;
				GCC_PREPROCESSOR_DEFINITIONS = (
					"DEBUG=1",
					"$(inherited)",
				);
				GCC_WARN_64_TO_32_BIT_CONVERSION = YES;
				GCC_WARN_ABOUT_RETURN_TYPE = YES_ERROR;
				GCC_WARN_UNDECLARED_SELECTOR = YES;
				GCC_WARN_UNINITIALIZED_AUTOS = YES_AGGRESSIVE;
				GCC_WARN_UNUSED_FUNCTION = YES;
				GCC_WARN_UNUSED_VARIABLE = YES;
				MTL_ENABLE_DEBUG_INFO = INCLUDE_SOURCE;
				MTL_FAST_MATH = YES;
				ONLY_ACTIVE_ARCH = YES;
				SWIFT_ACTIVE_COMPILATION_CONDITIONS = DEBUG;
				SWIFT_OPTIMIZATION_LEVEL = "-Onone";
			};
			name = Debug;
		};
		964DFF70276C1AC4000C6621 /* Release */ = {
			isa = XCBuildConfiguration;
			buildSettings = {
				ALWAYS_SEARCH_USER_PATHS = NO;
				CLANG_ANALYZER_NONNULL = YES;
				CLANG_ANALYZER_NUMBER_OBJECT_CONVERSION = YES_AGGRESSIVE;
				CLANG_CXX_LANGUAGE_STANDARD = "gnu++17";
				CLANG_CXX_LIBRARY = "libc++";
				CLANG_ENABLE_MODULES = YES;
				CLANG_ENABLE_OBJC_ARC = YES;
				CLANG_ENABLE_OBJC_WEAK = YES;
				CLANG_WARN_BLOCK_CAPTURE_AUTORELEASING = YES;
				CLANG_WARN_BOOL_CONVERSION = YES;
				CLANG_WARN_COMMA = YES;
				CLANG_WARN_CONSTANT_CONVERSION = YES;
				CLANG_WARN_DEPRECATED_OBJC_IMPLEMENTATIONS = YES;
				CLANG_WARN_DIRECT_OBJC_ISA_USAGE = YES_ERROR;
				CLANG_WARN_DOCUMENTATION_COMMENTS = YES;
				CLANG_WARN_EMPTY_BODY = YES;
				CLANG_WARN_ENUM_CONVERSION = YES;
				CLANG_WARN_INFINITE_RECURSION = YES;
				CLANG_WARN_INT_CONVERSION = YES;
				CLANG_WARN_NON_LITERAL_NULL_CONVERSION = YES;
				CLANG_WARN_OBJC_IMPLICIT_RETAIN_SELF = YES;
				CLANG_WARN_OBJC_LITERAL_CONVERSION = YES;
				CLANG_WARN_OBJC_ROOT_CLASS = YES_ERROR;
				CLANG_WARN_QUOTED_INCLUDE_IN_FRAMEWORK_HEADER = YES;
				CLANG_WARN_RANGE_LOOP_ANALYSIS = YES;
				CLANG_WARN_STRICT_PROTOTYPES = YES;
				CLANG_WARN_SUSPICIOUS_MOVE = YES;
				CLANG_WARN_UNGUARDED_AVAILABILITY = YES_AGGRESSIVE;
				CLANG_WARN_UNREACHABLE_CODE = YES;
				CLANG_WARN__DUPLICATE_METHOD_MATCH = YES;
				COPY_PHASE_STRIP = NO;
				DEBUG_INFORMATION_FORMAT = "dwarf-with-dsym";
				ENABLE_NS_ASSERTIONS = NO;
				ENABLE_STRICT_OBJC_MSGSEND = YES;
				GCC_C_LANGUAGE_STANDARD = gnu11;
				GCC_NO_COMMON_BLOCKS = YES;
				GCC_WARN_64_TO_32_BIT_CONVERSION = YES;
				GCC_WARN_ABOUT_RETURN_TYPE = YES_ERROR;
				GCC_WARN_UNDECLARED_SELECTOR = YES;
				GCC_WARN_UNINITIALIZED_AUTOS = YES_AGGRESSIVE;
				GCC_WARN_UNUSED_FUNCTION = YES;
				GCC_WARN_UNUSED_VARIABLE = YES;
				MTL_ENABLE_DEBUG_INFO = NO;
				MTL_FAST_MATH = YES;
				SWIFT_COMPILATION_MODE = wholemodule;
				SWIFT_OPTIMIZATION_LEVEL = "-O";
			};
			name = Release;
		};
		964DFF72276C1AC4000C6621 /* Debug */ = {
			isa = XCBuildConfiguration;
			buildSettings = {
				ASSETCATALOG_COMPILER_APPICON_NAME = AppIcon;
				ASSETCATALOG_COMPILER_GLOBAL_ACCENT_COLOR_NAME = AccentColor;
				CODE_SIGN_STYLE = Automatic;
				CURRENT_PROJECT_VERSION = 1;
				DEVELOPMENT_TEAM = JC6QL5GN68;
				ENABLE_PREVIEWS = YES;
				GENERATE_INFOPLIST_FILE = YES;
				INFOPLIST_KEY_UIApplicationSceneManifest_Generation = YES;
				INFOPLIST_KEY_UIApplicationSupportsIndirectInputEvents = YES;
				INFOPLIST_KEY_UILaunchScreen_Generation = YES;
				INFOPLIST_KEY_UISupportedInterfaceOrientations_iPad = "UIInterfaceOrientationPortrait UIInterfaceOrientationPortraitUpsideDown UIInterfaceOrientationLandscapeLeft UIInterfaceOrientationLandscapeRight";
				INFOPLIST_KEY_UISupportedInterfaceOrientations_iPhone = "UIInterfaceOrientationPortrait UIInterfaceOrientationLandscapeLeft UIInterfaceOrientationLandscapeRight";
				IPHONEOS_DEPLOYMENT_TARGET = 15.2;
				LD_RUNPATH_SEARCH_PATHS = (
					"$(inherited)",
					"@executable_path/Frameworks",
				);
				MARKETING_VERSION = 1.0;
				PRODUCT_BUNDLE_IDENTIFIER = live.mazenkapadi.ticTacToe;
				PRODUCT_NAME = ticTacToe;
				SDKROOT = iphoneos;
				SWIFT_EMIT_LOC_STRINGS = YES;
				SWIFT_VERSION = 5.0;
				TARGETED_DEVICE_FAMILY = "1,2";
			};
			name = Debug;
		};
		964DFF73276C1AC4000C6621 /* Release */ = {
			isa = XCBuildConfiguration;
			buildSettings = {
				ASSETCATALOG_COMPILER_APPICON_NAME = AppIcon;
				ASSETCATALOG_COMPILER_GLOBAL_ACCENT_COLOR_NAME = AccentColor;
				CODE_SIGN_STYLE = Automatic;
				CURRENT_PROJECT_VERSION = 1;
				DEVELOPMENT_TEAM = JC6QL5GN68;
				ENABLE_PREVIEWS = YES;
				GENERATE_INFOPLIST_FILE = YES;
				INFOPLIST_KEY_UIApplicationSceneManifest_Generation = YES;
				INFOPLIST_KEY_UIApplicationSupportsIndirectInputEvents = YES;
				INFOPLIST_KEY_UILaunchScreen_Generation = YES;
				INFOPLIST_KEY_UISupportedInterfaceOrientations_iPad = "UIInterfaceOrientationPortrait UIInterfaceOrientationPortraitUpsideDown UIInterfaceOrientationLandscapeLeft UIInterfaceOrientationLandscapeRight";
				INFOPLIST_KEY_UISupportedInterfaceOrientations_iPhone = "UIInterfaceOrientationPortrait UIInterfaceOrientationLandscapeLeft UIInterfaceOrientationLandscapeRight";
				IPHONEOS_DEPLOYMENT_TARGET = 15.2;
				LD_RUNPATH_SEARCH_PATHS = (
					"$(inherited)",
					"@executable_path/Frameworks",
				);
				MARKETING_VERSION = 1.0;
				PRODUCT_BUNDLE_IDENTIFIER = live.mazenkapadi.ticTacToe;
				PRODUCT_NAME = ticTacToe;
				SDKROOT = iphoneos;
				SWIFT_EMIT_LOC_STRINGS = YES;
				SWIFT_VERSION = 5.0;
				TARGETED_DEVICE_FAMILY = "1,2";
				VALIDATE_PRODUCT = YES;
			};
			name = Release;
		};
		964DFF75276C1AC4000C6621 /* Debug */ = {
			isa = XCBuildConfiguration;
			buildSettings = {
				ASSETCATALOG_COMPILER_APPICON_NAME = AppIcon;
				ASSETCATALOG_COMPILER_GLOBAL_ACCENT_COLOR_NAME = AccentColor;
				CODE_SIGN_ENTITLEMENTS = macOS/macOS.entitlements;
				CODE_SIGN_STYLE = Automatic;
				COMBINE_HIDPI_IMAGES = YES;
				CURRENT_PROJECT_VERSION = 1;
				DEVELOPMENT_TEAM = JC6QL5GN68;
				ENABLE_HARDENED_RUNTIME = YES;
				ENABLE_PREVIEWS = YES;
				GENERATE_INFOPLIST_FILE = YES;
				INFOPLIST_KEY_NSHumanReadableCopyright = "";
				LD_RUNPATH_SEARCH_PATHS = (
					"$(inherited)",
					"@executable_path/../Frameworks",
				);
				MACOSX_DEPLOYMENT_TARGET = 12.1;
				MARKETING_VERSION = 1.0;
				PRODUCT_BUNDLE_IDENTIFIER = live.mazenkapadi.ticTacToe;
				PRODUCT_NAME = ticTacToe;
				SDKROOT = macosx;
				SWIFT_EMIT_LOC_STRINGS = YES;
				SWIFT_VERSION = 5.0;
			};
			name = Debug;
		};
		964DFF76276C1AC4000C6621 /* Release */ = {
			isa = XCBuildConfiguration;
			buildSettings = {
				ASSETCATALOG_COMPILER_APPICON_NAME = AppIcon;
				ASSETCATALOG_COMPILER_GLOBAL_ACCENT_COLOR_NAME = AccentColor;
				CODE_SIGN_ENTITLEMENTS = macOS/macOS.entitlements;
				CODE_SIGN_STYLE = Automatic;
				COMBINE_HIDPI_IMAGES = YES;
				CURRENT_PROJECT_VERSION = 1;
				DEVELOPMENT_TEAM = JC6QL5GN68;
				ENABLE_HARDENED_RUNTIME = YES;
				ENABLE_PREVIEWS = YES;
				GENERATE_INFOPLIST_FILE = YES;
				INFOPLIST_KEY_NSHumanReadableCopyright = "";
				LD_RUNPATH_SEARCH_PATHS = (
					"$(inherited)",
					"@executable_path/../Frameworks",
				);
				MACOSX_DEPLOYMENT_TARGET = 12.1;
				MARKETING_VERSION = 1.0;
				PRODUCT_BUNDLE_IDENTIFIER = live.mazenkapadi.ticTacToe;
				PRODUCT_NAME = ticTacToe;
				SDKROOT = macosx;
				SWIFT_EMIT_LOC_STRINGS = YES;
				SWIFT_VERSION = 5.0;
			};
			name = Release;
		};
		964DFF78276C1AC4000C6621 /* Debug */ = {
			isa = XCBuildConfiguration;
			buildSettings = {
				ALWAYS_EMBED_SWIFT_STANDARD_LIBRARIES = YES;
				CODE_SIGN_STYLE = Automatic;
				CURRENT_PROJECT_VERSION = 1;
				DEVELOPMENT_TEAM = JC6QL5GN68;
				GENERATE_INFOPLIST_FILE = YES;
				IPHONEOS_DEPLOYMENT_TARGET = 15.2;
				MARKETING_VERSION = 1.0;
				PRODUCT_BUNDLE_IDENTIFIER = "live.mazenkapadi.Tests-iOS";
				PRODUCT_NAME = "$(TARGET_NAME)";
				SDKROOT = iphoneos;
				SWIFT_EMIT_LOC_STRINGS = NO;
				SWIFT_VERSION = 5.0;
				TARGETED_DEVICE_FAMILY = "1,2";
				TEST_TARGET_NAME = "ticTacToe (iOS)";
			};
			name = Debug;
		};
		964DFF79276C1AC4000C6621 /* Release */ = {
			isa = XCBuildConfiguration;
			buildSettings = {
				ALWAYS_EMBED_SWIFT_STANDARD_LIBRARIES = YES;
				CODE_SIGN_STYLE = Automatic;
				CURRENT_PROJECT_VERSION = 1;
				DEVELOPMENT_TEAM = JC6QL5GN68;
				GENERATE_INFOPLIST_FILE = YES;
				IPHONEOS_DEPLOYMENT_TARGET = 15.2;
				MARKETING_VERSION = 1.0;
				PRODUCT_BUNDLE_IDENTIFIER = "live.mazenkapadi.Tests-iOS";
				PRODUCT_NAME = "$(TARGET_NAME)";
				SDKROOT = iphoneos;
				SWIFT_EMIT_LOC_STRINGS = NO;
				SWIFT_VERSION = 5.0;
				TARGETED_DEVICE_FAMILY = "1,2";
				TEST_TARGET_NAME = "ticTacToe (iOS)";
				VALIDATE_PRODUCT = YES;
			};
			name = Release;
		};
		964DFF7B276C1AC4000C6621 /* Debug */ = {
			isa = XCBuildConfiguration;
			buildSettings = {
				ALWAYS_EMBED_SWIFT_STANDARD_LIBRARIES = YES;
				CODE_SIGN_STYLE = Automatic;
				CURRENT_PROJECT_VERSION = 1;
				DEVELOPMENT_TEAM = JC6QL5GN68;
				GENERATE_INFOPLIST_FILE = YES;
				MACOSX_DEPLOYMENT_TARGET = 12.1;
				MARKETING_VERSION = 1.0;
				PRODUCT_BUNDLE_IDENTIFIER = "live.mazenkapadi.Tests-macOS";
				PRODUCT_NAME = "$(TARGET_NAME)";
				SDKROOT = macosx;
				SWIFT_EMIT_LOC_STRINGS = NO;
				SWIFT_VERSION = 5.0;
				TEST_TARGET_NAME = "ticTacToe (macOS)";
			};
			name = Debug;
		};
		964DFF7C276C1AC4000C6621 /* Release */ = {
			isa = XCBuildConfiguration;
			buildSettings = {
				ALWAYS_EMBED_SWIFT_STANDARD_LIBRARIES = YES;
				CODE_SIGN_STYLE = Automatic;
				CURRENT_PROJECT_VERSION = 1;
				DEVELOPMENT_TEAM = JC6QL5GN68;
				GENERATE_INFOPLIST_FILE = YES;
				MACOSX_DEPLOYMENT_TARGET = 12.1;
				MARKETING_VERSION = 1.0;
				PRODUCT_BUNDLE_IDENTIFIER = "live.mazenkapadi.Tests-macOS";
				PRODUCT_NAME = "$(TARGET_NAME)";
				SDKROOT = macosx;
				SWIFT_EMIT_LOC_STRINGS = NO;
				SWIFT_VERSION = 5.0;
				TEST_TARGET_NAME = "ticTacToe (macOS)";
			};
			name = Release;
		};
/* End XCBuildConfiguration section */

/* Begin XCConfigurationList section */
		964DFF3F276C1AC2000C6621 /* Build configuration list for PBXProject "ticTacToe" */ = {
			isa = XCConfigurationList;
			buildConfigurations = (
				964DFF6F276C1AC4000C6621 /* Debug */,
				964DFF70276C1AC4000C6621 /* Release */,
			);
			defaultConfigurationIsVisible = 0;
			defaultConfigurationName = Release;
		};
		964DFF71276C1AC4000C6621 /* Build configuration list for PBXNativeTarget "ticTacToe (iOS)" */ = {
			isa = XCConfigurationList;
			buildConfigurations = (
				964DFF72276C1AC4000C6621 /* Debug */,
				964DFF73276C1AC4000C6621 /* Release */,
			);
			defaultConfigurationIsVisible = 0;
			defaultConfigurationName = Release;
		};
		964DFF74276C1AC4000C6621 /* Build configuration list for PBXNativeTarget "ticTacToe (macOS)" */ = {
			isa = XCConfigurationList;
			buildConfigurations = (
				964DFF75276C1AC4000C6621 /* Debug */,
				964DFF76276C1AC4000C6621 /* Release */,
			);
			defaultConfigurationIsVisible = 0;
			defaultConfigurationName = Release;
		};
		964DFF77276C1AC4000C6621 /* Build configuration list for PBXNativeTarget "Tests iOS" */ = {
			isa = XCConfigurationList;
			buildConfigurations = (
				964DFF78276C1AC4000C6621 /* Debug */,
				964DFF79276C1AC4000C6621 /* Release */,
			);
			defaultConfigurationIsVisible = 0;
			defaultConfigurationName = Release;
		};
		964DFF7A276C1AC4000C6621 /* Build configuration list for PBXNativeTarget "Tests macOS" */ = {
			isa = XCConfigurationList;
			buildConfigurations = (
				964DFF7B276C1AC4000C6621 /* Debug */,
				964DFF7C276C1AC4000C6621 /* Release */,
			);
			defaultConfigurationIsVisible = 0;
			defaultConfigurationName = Release;
		};
/* End XCConfigurationList section */
	};
	rootObject = 964DFF3C276C1AC2000C6621 /* Project object */;
}
